
Microsoft Visual Studio Solution File, Format Version 12.00
# Visual Studio Version 17
VisualStudioVersion = 17.13.35825.156 d17.13
MinimumVisualStudioVersion = 10.0.40219.1
Project("{FAE04EC0-301F-11D3-BF4B-00C04F79EFBC}") = "WebApiPerson", "WebApiPerson.csproj", "{960ECFDE-9C0F-4A4A-92FB-585B9C714FDF}"
EndProject
Global
	GlobalSection(SolutionConfigurationPlatforms) = preSolution
		Debug|Any CPU = Debug|Any CPU
		Release|Any CPU = Release|Any CPU
	EndGlobalSection
	GlobalSection(ProjectConfigurationPlatforms) = postSolution
		{960ECFDE-9C0F-4A4A-92FB-585B9C714FDF}.Debug|Any CPU.ActiveCfg = Debug|Any CPU
		{960ECFDE-9C0F-4A4A-92FB-585B9C714FDF}.Debug|Any CPU.Build.0 = Debug|Any CPU
		{960ECFDE-9C0F-4A4A-92FB-585B9C714FDF}.Release|Any CPU.ActiveCfg = Release|Any CPU
		{960ECFDE-9C0F-4A4A-92FB-585B9C714FDF}.Release|Any CPU.Build.0 = Release|Any CPU
	EndGlobalSection
	GlobalSection(SolutionProperties) = preSolution
		HideSolutionNode = FALSE
	EndGlobalSection
	GlobalSection(ExtensibilityGlobals) = postSolution
		SolutionGuid = {15740769-D0AB-46E1-8FB8-318C6F6AAB25}
	EndGlobalSection
EndGlobal
